
Microsoft Visual Studio Solution File, Format Version 12.00
# Visual Studio Version 17
VisualStudioVersion = 17.8.34004.107
MinimumVisualStudioVersion = 10.0.40219.1
Project("{FAE04EC0-301F-11D3-BF4B-00C04F79EFBC}") = "ConsoleApp1", "ConsoleApp1\ConsoleApp1.csproj", "{231401ED-741C-4497-AE84-EDBA2810CBDB}"
EndProject
Global
	GlobalSection(SolutionConfigurationPlatforms) = preSolution
		Debug|Any CPU = Debug|Any CPU
		Release|Any CPU = Release|Any CPU
	EndGlobalSection
	GlobalSection(ProjectConfigurationPlatforms) = postSolution
		{231401ED-741C-4497-AE84-EDBA2810CBDB}.Debug|Any CPU.ActiveCfg = Debug|Any CPU
		{231401ED-741C-4497-AE84-EDBA2810CBDB}.Debug|Any CPU.Build.0 = Debug|Any CPU
		{231401ED-741C-4497-AE84-EDBA2810CBDB}.Release|Any CPU.ActiveCfg = Release|Any CPU
		{231401ED-741C-4497-AE84-EDBA2810CBDB}.Release|Any CPU.Build.0 = Release|Any CPU
	EndGlobalSection
	GlobalSection(SolutionProperties) = preSolution
		HideSolutionNode = FALSE
	EndGlobalSection
	GlobalSection(ExtensibilityGlobals) = postSolution
		SolutionGuid = {76807A73-5C94-4FEC-B20F-98AA9CF26C7A}
	EndGlobalSection
EndGlobal
